{
  "name": "makeup-switch-element",
  "version": "0.0.2",
  "lockfileVersion": 1,
  "requires": true,
  "dependencies": {
    "custom-event": {
      "version": "1.0.1",
      "resolved": "https://registry.npmjs.org/custom-event/-/custom-event-1.0.1.tgz",
      "integrity": "sha1-XQKkaFCt8bSjF5RqOSj8y1v9BCU="
    },
    "makeup-switch-class": {
      "version": "0.0.4",
      "resolved": "https://registry.npmjs.org/makeup-switch-class/-/makeup-switch-class-0.0.4.tgz",
      "integrity": "sha512-WmO/wkuS4XHkxoU4UpqorpihKYsSdagL89IqQJYqlRXFurGfgIecv/stCHG3H5XgKuBm+3b9dT0y3HClwrzdow==",
      "requires": {
        "custom-event": "^1"
      }
    }
  }
}
