{
	"name": "makeup-switch-element-ssr",
	"version": "0.0.1",
	"lockfileVersion": 1,
	"requires": true,
	"dependencies": {
		"custom-event": {
			"version": "1.0.1",
			"resolved": "https://registry.npmjs.org/custom-event/-/custom-event-1.0.1.tgz",
			"integrity": "sha1-XQKkaFCt8bSjF5RqOSj8y1v9BCU="
		},
		"makeup-switch": {
			"version": "0.0.1",
			"resolved": "https://registry.npmjs.org/makeup-switch/-/makeup-switch-0.0.1.tgz",
			"integrity": "sha512-UN6e33RqzzRshNKK19jglvKrzMCUp8so+9fRoluI2QQcxkq7gPQosiiQD8DHHGs8mWcVnYbEtFUTcvDJTH5x+Q==",
			"requires": {
				"custom-event": "^1"
			}
		}
	}
}
