{
  "name": "makeup-switch-element",
  "version": "0.0.2",
  "lockfileVersion": 2,
  "requires": true,
  "packages": {
    "": {
      "name": "makeup-switch-element",
      "version": "0.0.2",
      "license": "MIT",
      "dependencies": {
        "makeup-switch": "~0.2.0"
      }
    },
    "node_modules/makeup-switch": {
      "version": "0.2.0",
      "resolved": "https://artifactory.corp.ebay.com/artifactory/api/npm/npm-corp/makeup-switch/-/makeup-switch-0.2.0.tgz",
      "integrity": "sha512-7alW9P7ohF5qf1PhEsHnGEVDwnacmJ2k+/add01duRAqfKUnDu82RHgt/4J+YCKiUVWAVfuHOSrQv2eRiKDsmQ=="
    }
  },
  "dependencies": {
    "makeup-switch": {
      "version": "0.2.0",
      "resolved": "https://artifactory.corp.ebay.com/artifactory/api/npm/npm-corp/makeup-switch/-/makeup-switch-0.2.0.tgz",
      "integrity": "sha512-7alW9P7ohF5qf1PhEsHnGEVDwnacmJ2k+/add01duRAqfKUnDu82RHgt/4J+YCKiUVWAVfuHOSrQv2eRiKDsmQ=="
    }
  }
}
